
Microsoft Visual Studio Solution File, Format Version 12.00
# Visual Studio Version 17
VisualStudioVersion = 17.13.35818.85 d17.13
MinimumVisualStudioVersion = 10.0.40219.1
Project("{FAE04EC0-301F-11D3-BF4B-00C04F79EFBC}") = "LikeLion1", "LikeLion1\LikeLion1.csproj", "{29CD7441-D8B6-4AA3-B685-1C05487AF774}"
EndProject
Global
	GlobalSection(SolutionConfigurationPlatforms) = preSolution
		Debug|Any CPU = Debug|Any CPU
		Release|Any CPU = Release|Any CPU
	EndGlobalSection
	GlobalSection(ProjectConfigurationPlatforms) = postSolution
		{29CD7441-D8B6-4AA3-B685-1C05487AF774}.Debug|Any CPU.ActiveCfg = Debug|Any CPU
		{29CD7441-D8B6-4AA3-B685-1C05487AF774}.Debug|Any CPU.Build.0 = Debug|Any CPU
		{29CD7441-D8B6-4AA3-B685-1C05487AF774}.Release|Any CPU.ActiveCfg = Release|Any CPU
		{29CD7441-D8B6-4AA3-B685-1C05487AF774}.Release|Any CPU.Build.0 = Release|Any CPU
	EndGlobalSection
	GlobalSection(SolutionProperties) = preSolution
		HideSolutionNode = FALSE
	EndGlobalSection
	GlobalSection(ExtensibilityGlobals) = postSolution
		SolutionGuid = {7C2B07FF-EE1A-4781-9228-29AFEED75B36}
	EndGlobalSection
EndGlobal
