
Microsoft Visual Studio Solution File, Format Version 12.00
# Visual Studio Version 17
VisualStudioVersion = 17.13.35818.85 d17.13
MinimumVisualStudioVersion = 10.0.40219.1
Project("{FAE04EC0-301F-11D3-BF4B-00C04F79EFBC}") = "LikeLion_25_02_28_2", "LikeLion_25_02_28_2\LikeLion_25_02_28_2.csproj", "{520E2EE9-7546-498E-820E-43EB763AE685}"
EndProject
Global
	GlobalSection(SolutionConfigurationPlatforms) = preSolution
		Debug|Any CPU = Debug|Any CPU
		Release|Any CPU = Release|Any CPU
	EndGlobalSection
	GlobalSection(ProjectConfigurationPlatforms) = postSolution
		{520E2EE9-7546-498E-820E-43EB763AE685}.Debug|Any CPU.ActiveCfg = Debug|Any CPU
		{520E2EE9-7546-498E-820E-43EB763AE685}.Debug|Any CPU.Build.0 = Debug|Any CPU
		{520E2EE9-7546-498E-820E-43EB763AE685}.Release|Any CPU.ActiveCfg = Release|Any CPU
		{520E2EE9-7546-498E-820E-43EB763AE685}.Release|Any CPU.Build.0 = Release|Any CPU
	EndGlobalSection
	GlobalSection(SolutionProperties) = preSolution
		HideSolutionNode = FALSE
	EndGlobalSection
	GlobalSection(ExtensibilityGlobals) = postSolution
		SolutionGuid = {B19EA225-8408-48FD-AFCC-C1B3AD902591}
	EndGlobalSection
EndGlobal
