
Microsoft Visual Studio Solution File, Format Version 12.00
# Visual Studio Version 17
VisualStudioVersion = 17.13.35818.85 d17.13
MinimumVisualStudioVersion = 10.0.40219.1
Project("{FAE04EC0-301F-11D3-BF4B-00C04F79EFBC}") = "LikeLion_02_25_2", "LikeLion_02_25_2\LikeLion_02_25_2.csproj", "{98CF31E8-65B2-43C8-A0DE-AE7ECB86A4A4}"
EndProject
Global
	GlobalSection(SolutionConfigurationPlatforms) = preSolution
		Debug|Any CPU = Debug|Any CPU
		Release|Any CPU = Release|Any CPU
	EndGlobalSection
	GlobalSection(ProjectConfigurationPlatforms) = postSolution
		{98CF31E8-65B2-43C8-A0DE-AE7ECB86A4A4}.Debug|Any CPU.ActiveCfg = Debug|Any CPU
		{98CF31E8-65B2-43C8-A0DE-AE7ECB86A4A4}.Debug|Any CPU.Build.0 = Debug|Any CPU
		{98CF31E8-65B2-43C8-A0DE-AE7ECB86A4A4}.Release|Any CPU.ActiveCfg = Release|Any CPU
		{98CF31E8-65B2-43C8-A0DE-AE7ECB86A4A4}.Release|Any CPU.Build.0 = Release|Any CPU
	EndGlobalSection
	GlobalSection(SolutionProperties) = preSolution
		HideSolutionNode = FALSE
	EndGlobalSection
	GlobalSection(ExtensibilityGlobals) = postSolution
		SolutionGuid = {7C1DC366-7B23-4DB2-963A-C93BC074E73E}
	EndGlobalSection
EndGlobal
