
Microsoft Visual Studio Solution File, Format Version 12.00
# Visual Studio Version 17
VisualStudioVersion = 17.13.35818.85 d17.13
MinimumVisualStudioVersion = 10.0.40219.1
Project("{FAE04EC0-301F-11D3-BF4B-00C04F79EFBC}") = "LikeLion_02_25_1", "LikeLion_02_25_1\LikeLion_02_25_1.csproj", "{F91D21C8-3813-432E-AE5E-46A237CFB433}"
EndProject
Global
	GlobalSection(SolutionConfigurationPlatforms) = preSolution
		Debug|Any CPU = Debug|Any CPU
		Release|Any CPU = Release|Any CPU
	EndGlobalSection
	GlobalSection(ProjectConfigurationPlatforms) = postSolution
		{F91D21C8-3813-432E-AE5E-46A237CFB433}.Debug|Any CPU.ActiveCfg = Debug|Any CPU
		{F91D21C8-3813-432E-AE5E-46A237CFB433}.Debug|Any CPU.Build.0 = Debug|Any CPU
		{F91D21C8-3813-432E-AE5E-46A237CFB433}.Release|Any CPU.ActiveCfg = Release|Any CPU
		{F91D21C8-3813-432E-AE5E-46A237CFB433}.Release|Any CPU.Build.0 = Release|Any CPU
	EndGlobalSection
	GlobalSection(SolutionProperties) = preSolution
		HideSolutionNode = FALSE
	EndGlobalSection
	GlobalSection(ExtensibilityGlobals) = postSolution
		SolutionGuid = {C4563E36-8176-4C40-B1B5-B2BF48D03EB8}
	EndGlobalSection
EndGlobal
