
Microsoft Visual Studio Solution File, Format Version 12.00
# Visual Studio Version 17
VisualStudioVersion = 17.13.35818.85 d17.13
MinimumVisualStudioVersion = 10.0.40219.1
Project("{FAE04EC0-301F-11D3-BF4B-00C04F79EFBC}") = "LikeLion_02_25_3", "LikeLion_02_25_3\LikeLion_02_25_3.csproj", "{E0C9E61C-BFA8-4073-989F-456F848909C3}"
EndProject
Global
	GlobalSection(SolutionConfigurationPlatforms) = preSolution
		Debug|Any CPU = Debug|Any CPU
		Release|Any CPU = Release|Any CPU
	EndGlobalSection
	GlobalSection(ProjectConfigurationPlatforms) = postSolution
		{E0C9E61C-BFA8-4073-989F-456F848909C3}.Debug|Any CPU.ActiveCfg = Debug|Any CPU
		{E0C9E61C-BFA8-4073-989F-456F848909C3}.Debug|Any CPU.Build.0 = Debug|Any CPU
		{E0C9E61C-BFA8-4073-989F-456F848909C3}.Release|Any CPU.ActiveCfg = Release|Any CPU
		{E0C9E61C-BFA8-4073-989F-456F848909C3}.Release|Any CPU.Build.0 = Release|Any CPU
	EndGlobalSection
	GlobalSection(SolutionProperties) = preSolution
		HideSolutionNode = FALSE
	EndGlobalSection
	GlobalSection(ExtensibilityGlobals) = postSolution
		SolutionGuid = {AAD4DF59-C22D-404D-8A7B-33F03AB08013}
	EndGlobalSection
EndGlobal
